PODS:
  - Choreographer (1.0.0):
    - ChoreographerNetworking (~> 1.0)
    - Memo (~> 0.1)
    - Stagehand (~> 4.0)
  - ChoreographerNetworking (1.0.0):
    - Memo (~> 0.1)
  - iOSSnapshotTestCase (6.2.0):
    - iOSSnapshotTestCase/SwiftSupport (= 6.2.0)
  - iOSSnapshotTestCase/Core (6.2.0)
  - iOSSnapshotTestCase/SwiftSupport (6.2.0):
    - iOSSnapshotTestCase/Core
  - Memo (0.1.0)
  - SnapshotTesting (1.7.0)
  - Stagehand (4.0.0)
  - StagehandTesting/iOSSnapshotTestCase (4.0.0):
    - iOSSnapshotTestCase (~> 6.1)
    - Stagehand (= 4.0.0)
  - StagehandTesting/SnapshotTesting (4.0.0):
    - SnapshotTesting (~> 1.7)
    - Stagehand (= 4.0.0)

DEPENDENCIES:
  - Choreographer (from `../`)
  - ChoreographerNetworking (from `../`)
  - SnapshotTesting (= 1.7.0)
  - Stagehand (from `../`)
  - StagehandTesting/iOSSnapshotTestCase (from `../`)
  - StagehandTesting/SnapshotTesting (from `../`)

SPEC REPOS:
  trunk:
    - iOSSnapshotTestCase
    - Memo
    - SnapshotTesting

EXTERNAL SOURCES:
  Choreographer:
    :path: "../"
  ChoreographerNetworking:
    :path: "../"
  Stagehand:
    :path: "../"
  StagehandTesting:
    :path: "../"

SPEC CHECKSUMS:
  Choreographer: f0d02cdd0b5beb19d8f07840ddda78aa763bfdc7
  ChoreographerNetworking: 17d620f00f5313be94bd8435957e5a6238a49cf6
  iOSSnapshotTestCase: 9ab44cb5aa62b84d31847f40680112e15ec579a6
  Memo: 96779a0784e3a4afcdd307157247fad4e40e348a
  SnapshotTesting: 273b614fcc60fac7d9f613f6648afa91a7da36be
  Stagehand: 29ee26a0690ebf90a5ea45e86fd88b865baf5403
  StagehandTesting: 3354a5300e7fc6d1ba9ab182762feff9e80cb6de

PODFILE CHECKSUM: b39d4e83c20efc0b2a2ba31ce85e88f54e04dde8

COCOAPODS: 1.10.0
